// !$*UTF8*$!
{
	archiveVersion = 1;
	classes = {
	};
	objectVersion = 56;
	objects = {

/* Begin PBXBuildFile section */
		CE0FD0A22C2062360008A455 /* Food.swift in Sources */ = {isa = PBXBuildFile; fileRef = CE0FD0A12C2062360008A455 /* Food.swift */; };
		CE0FD0A42C2063F90008A455 /* FoodPreview.swift in Sources */ = {isa = PBXBuildFile; fileRef = CE0FD0A32C2063F90008A455 /* FoodPreview.swift */; };
		CE0FD0A62C2069A90008A455 /* RestaurantView.swift in Sources */ = {isa = PBXBuildFile; fileRef = CE0FD0A52C2069A90008A455 /* RestaurantView.swift */; };
		CE0FD0A82C2069D90008A455 /* Restaurant.swift in Sources */ = {isa = PBXBuildFile; fileRef = CE0FD0A72C2069D90008A455 /* Restaurant.swift */; };
		CE2F78A22C27F8C200A53729 /* Navigation.swift in Sources */ = {isa = PBXBuildFile; fileRef = CE2F78A12C27F8C200A53729 /* Navigation.swift */; };
		CE2F78A42C27FFA300A53729 /* Ingredient.swift in Sources */ = {isa = PBXBuildFile; fileRef = CE2F78A32C27FFA300A53729 /* Ingredient.swift */; };
		CE9F16402C29962500CF5F6A /* FoodView.swift in Sources */ = {isa = PBXBuildFile; fileRef = CE9F163F2C29962500CF5F6A /* FoodView.swift */; };
		CEB496DC2C1EB2F800ADB6A9 /* DeliverflyApp.swift in Sources */ = {isa = PBXBuildFile; fileRef = CEB496DB2C1EB2F800ADB6A9 /* DeliverflyApp.swift */; };
		CEB496DE2C1EB2F800ADB6A9 /* ContentView.swift in Sources */ = {isa = PBXBuildFile; fileRef = CEB496DD2C1EB2F800ADB6A9 /* ContentView.swift */; };
		CEB496E02C1EB2F900ADB6A9 /* Assets.xcassets in Resources */ = {isa = PBXBuildFile; fileRef = CEB496DF2C1EB2F900ADB6A9 /* Assets.xcassets */; };
		CEB496E42C1EB2F900ADB6A9 /* Preview Assets.xcassets in Resources */ = {isa = PBXBuildFile; fileRef = CEB496E32C1EB2F900ADB6A9 /* Preview Assets.xcassets */; };
		CEB496EB2C1EB5FB00ADB6A9 /* SplashView.swift in Sources */ = {isa = PBXBuildFile; fileRef = CEB496EA2C1EB5FB00ADB6A9 /* SplashView.swift */; };
		CEB496ED2C1EC05100ADB6A9 /* HomeView.swift in Sources */ = {isa = PBXBuildFile; fileRef = CEB496EC2C1EC05100ADB6A9 /* HomeView.swift */; };
		CEB496EF2C1EC6BE00ADB6A9 /* RestaurantPreview.swift in Sources */ = {isa = PBXBuildFile; fileRef = CEB496EE2C1EC6BE00ADB6A9 /* RestaurantPreview.swift */; };
/* End PBXBuildFile section */

/* Begin PBXFileReference section */
		CE0FD0A12C2062360008A455 /* Food.swift */ = {isa = PBXFileReference; lastKnownFileType = sourcecode.swift; path = Food.swift; sourceTree = "<group>"; };
		CE0FD0A32C2063F90008A455 /* FoodPreview.swift */ = {isa = PBXFileReference; lastKnownFileType = sourcecode.swift; path = FoodPreview.swift; sourceTree = "<group>"; };
		CE0FD0A52C2069A90008A455 /* RestaurantView.swift */ = {isa = PBXFileReference; lastKnownFileType = sourcecode.swift; path = RestaurantView.swift; sourceTree = "<group>"; };
		CE0FD0A72C2069D90008A455 /* Restaurant.swift */ = {isa = PBXFileReference; lastKnownFileType = sourcecode.swift; path = Restaurant.swift; sourceTree = "<group>"; };
		CE2F78A12C27F8C200A53729 /* Navigation.swift */ = {isa = PBXFileReference; lastKnownFileType = sourcecode.swift; path = Navigation.swift; sourceTree = "<group>"; };
		CE2F78A32C27FFA300A53729 /* Ingredient.swift */ = {isa = PBXFileReference; lastKnownFileType = sourcecode.swift; path = Ingredient.swift; sourceTree = "<group>"; };
		CE9F163F2C29962500CF5F6A /* FoodView.swift */ = {isa = PBXFileReference; lastKnownFileType = sourcecode.swift; path = FoodView.swift; sourceTree = "<group>"; };
		CEB496D82C1EB2F800ADB6A9 /* Deliverfly.app */ = {isa = PBXFileReference; explicitFileType = wrapper.application; includeInIndex = 0; path = Deliverfly.app; sourceTree = BUILT_PRODUCTS_DIR; };
		CEB496DB2C1EB2F800ADB6A9 /* DeliverflyApp.swift */ = {isa = PBXFileReference; lastKnownFileType = sourcecode.swift; path = DeliverflyApp.swift; sourceTree = "<group>"; };
		CEB496DD2C1EB2F800ADB6A9 /* ContentView.swift */ = {isa = PBXFileReference; lastKnownFileType = sourcecode.swift; path = ContentView.swift; sourceTree = "<group>"; };
		CEB496DF2C1EB2F900ADB6A9 /* Assets.xcassets */ = {isa = PBXFileReference; lastKnownFileType = folder.assetcatalog; path = Assets.xcassets; sourceTree = "<group>"; };
		CEB496E12C1EB2F900ADB6A9 /* Deliverfly.entitlements */ = {isa = PBXFileReference; lastKnownFileType = text.plist.entitlements; path = Deliverfly.entitlements; sourceTree = "<group>"; };
		CEB496E32C1EB2F900ADB6A9 /* Preview Assets.xcassets */ = {isa = PBXFileReference; lastKnownFileType = folder.assetcatalog; path = "Preview Assets.xcassets"; sourceTree = "<group>"; };
		CEB496EA2C1EB5FB00ADB6A9 /* SplashView.swift */ = {isa = PBXFileReference; lastKnownFileType = sourcecode.swift; path = SplashView.swift; sourceTree = "<group>"; };
		CEB496EC2C1EC05100ADB6A9 /* HomeView.swift */ = {isa = PBXFileReference; lastKnownFileType = sourcecode.swift; path = HomeView.swift; sourceTree = "<group>"; };
		CEB496EE2C1EC6BE00ADB6A9 /* RestaurantPreview.swift */ = {isa = PBXFileReference; lastKnownFileType = sourcecode.swift; path = RestaurantPreview.swift; sourceTree = "<group>"; };
/* End PBXFileReference section */

/* Begin PBXFrameworksBuildPhase section */
		CEB496D52C1EB2F800ADB6A9 /* Frameworks */ = {
			isa = PBXFrameworksBuildPhase;
			buildActionMask = 2147483647;
			files = (
			);
			runOnlyForDeploymentPostprocessing = 0;
		};
/* End PBXFrameworksBuildPhase section */

/* Begin PBXGroup section */
		CEB496CF2C1EB2F800ADB6A9 = {
			isa = PBXGroup;
			children = (
				CEB496DA2C1EB2F800ADB6A9 /* Deliverfly */,
				CEB496D92C1EB2F800ADB6A9 /* Products */,
			);
			sourceTree = "<group>";
		};
		CEB496D92C1EB2F800ADB6A9 /* Products */ = {
			isa = PBXGroup;
			children = (
				CEB496D82C1EB2F800ADB6A9 /* Deliverfly.app */,
			);
			name = Products;
			sourceTree = "<group>";
		};
		CEB496DA2C1EB2F800ADB6A9 /* Deliverfly */ = {
			isa = PBXGroup;
			children = (
				CE9F163F2C29962500CF5F6A /* FoodView.swift */,
				CE2F78A32C27FFA300A53729 /* Ingredient.swift */,
				CE2F78A12C27F8C200A53729 /* Navigation.swift */,
				CEB496EC2C1EC05100ADB6A9 /* HomeView.swift */,
				CEB496DB2C1EB2F800ADB6A9 /* DeliverflyApp.swift */,
				CEB496DD2C1EB2F800ADB6A9 /* ContentView.swift */,
				CEB496DF2C1EB2F900ADB6A9 /* Assets.xcassets */,
				CEB496E12C1EB2F900ADB6A9 /* Deliverfly.entitlements */,
				CEB496E22C1EB2F900ADB6A9 /* Preview Content */,
				CEB496EA2C1EB5FB00ADB6A9 /* SplashView.swift */,
				CEB496EE2C1EC6BE00ADB6A9 /* RestaurantPreview.swift */,
				CE0FD0A12C2062360008A455 /* Food.swift */,
				CE0FD0A32C2063F90008A455 /* FoodPreview.swift */,
				CE0FD0A52C2069A90008A455 /* RestaurantView.swift */,
				CE0FD0A72C2069D90008A455 /* Restaurant.swift */,
			);
			path = Deliverfly;
			sourceTree = "<group>";
		};
		CEB496E22C1EB2F900ADB6A9 /* Preview Content */ = {
			isa = PBXGroup;
			children = (
				CEB496E32C1EB2F900ADB6A9 /* Preview Assets.xcassets */,
			);
			path = "Preview Content";
			sourceTree = "<group>";
		};
/* End PBXGroup section */

/* Begin PBXNativeTarget section */
		CEB496D72C1EB2F800ADB6A9 /* Deliverfly */ = {
			isa = PBXNativeTarget;
			buildConfigurationList = CEB496E72C1EB2F900ADB6A9 /* Build configuration list for PBXNativeTarget "Deliverfly" */;
			buildPhases = (
				CEB496D42C1EB2F800ADB6A9 /* Sources */,
				CEB496D52C1EB2F800ADB6A9 /* Frameworks */,
				CEB496D62C1EB2F800ADB6A9 /* Resources */,
			);
			buildRules = (
			);
			dependencies = (
			);
			name = Deliverfly;
			productName = Deliverfly;
			productReference = CEB496D82C1EB2F800ADB6A9 /* Deliverfly.app */;
			productType = "com.apple.product-type.application";
		};
/* End PBXNativeTarget section */

/* Begin PBXProject section */
		CEB496D02C1EB2F800ADB6A9 /* Project object */ = {
			isa = PBXProject;
			attributes = {
				BuildIndependentTargetsInParallel = 1;
				LastSwiftUpdateCheck = 1530;
				LastUpgradeCheck = 1530;
				TargetAttributes = {
					CEB496D72C1EB2F800ADB6A9 = {
						CreatedOnToolsVersion = 15.3;
					};
				};
			};
			buildConfigurationList = CEB496D32C1EB2F800ADB6A9 /* Build configuration list for PBXProject "Deliverfly" */;
			compatibilityVersion = "Xcode 14.0";
			developmentRegion = en;
			hasScannedForEncodings = 0;
			knownRegions = (
				en,
				Base,
			);
			mainGroup = CEB496CF2C1EB2F800ADB6A9;
			productRefGroup = CEB496D92C1EB2F800ADB6A9 /* Products */;
			projectDirPath = "";
			projectRoot = "";
			targets = (
				CEB496D72C1EB2F800ADB6A9 /* Deliverfly */,
			);
		};
/* End PBXProject section */

/* Begin PBXResourcesBuildPhase section */
		CEB496D62C1EB2F800ADB6A9 /* Resources */ = {
			isa = PBXResourcesBuildPhase;
			buildActionMask = 2147483647;
			files = (
				CEB496E42C1EB2F900ADB6A9 /* Preview Assets.xcassets in Resources */,
				CEB496E02C1EB2F900ADB6A9 /* Assets.xcassets in Resources */,
			);
			runOnlyForDeploymentPostprocessing = 0;
		};
/* End PBXResourcesBuildPhase section */

/* Begin PBXSourcesBuildPhase section */
		CEB496D42C1EB2F800ADB6A9 /* Sources */ = {
			isa = PBXSourcesBuildPhase;
			buildActionMask = 2147483647;
			files = (
				CE9F16402C29962500CF5F6A /* FoodView.swift in Sources */,
				CE0FD0A42C2063F90008A455 /* FoodPreview.swift in Sources */,
				CEB496EF2C1EC6BE00ADB6A9 /* RestaurantPreview.swift in Sources */,
				CE2F78A42C27FFA300A53729 /* Ingredient.swift in Sources */,
				CEB496DE2C1EB2F800ADB6A9 /* ContentView.swift in Sources */,
				CE0FD0A62C2069A90008A455 /* RestaurantView.swift in Sources */,
				CEB496ED2C1EC05100ADB6A9 /* HomeView.swift in Sources */,
				CEB496DC2C1EB2F800ADB6A9 /* DeliverflyApp.swift in Sources */,
				CEB496EB2C1EB5FB00ADB6A9 /* SplashView.swift in Sources */,
				CE2F78A22C27F8C200A53729 /* Navigation.swift in Sources */,
				CE0FD0A22C2062360008A455 /* Food.swift in Sources */,
				CE0FD0A82C2069D90008A455 /* Restaurant.swift in Sources */,
			);
			runOnlyForDeploymentPostprocessing = 0;
		};
/* End PBXSourcesBuildPhase section */

/* Begin XCBuildConfiguration section */
		CEB496E52C1EB2F900ADB6A9 /* Debug */ = {
			isa = XCBuildConfiguration;
			buildSettings = {
				ALWAYS_SEARCH_USER_PATHS = NO;
				ASSETCATALOG_COMPILER_GENERATE_SWIFT_ASSET_SYMBOL_EXTENSIONS = YES;
				CLANG_ANALYZER_NONNULL = YES;
				CLANG_ANALYZER_NUMBER_OBJECT_CONVERSION = YES_AGGRESSIVE;
				CLANG_CXX_LANGUAGE_STANDARD = "gnu++20";
				CLANG_ENABLE_MODULES = YES;
				CLANG_ENABLE_OBJC_ARC = YES;
				CLANG_ENABLE_OBJC_WEAK = YES;
				CLANG_WARN_BLOCK_CAPTURE_AUTORELEASING = YES;
				CLANG_WARN_BOOL_CONVERSION = YES;
				CLANG_WARN_COMMA = YES;
				CLANG_WARN_CONSTANT_CONVERSION = YES;
				CLANG_WARN_DEPRECATED_OBJC_IMPLEMENTATIONS = YES;
				CLANG_WARN_DIRECT_OBJC_ISA_USAGE = YES_ERROR;
				CLANG_WARN_DOCUMENTATION_COMMENTS = YES;
				CLANG_WARN_EMPTY_BODY = YES;
				CLANG_WARN_ENUM_CONVERSION = YES;
				CLANG_WARN_INFINITE_RECURSION = YES;
				CLANG_WARN_INT_CONVERSION = YES;
				CLANG_WARN_NON_LITERAL_NULL_CONVERSION = YES;
				CLANG_WARN_OBJC_IMPLICIT_RETAIN_SELF = YES;
				CLANG_WARN_OBJC_LITERAL_CONVERSION = YES;
				CLANG_WARN_OBJC_ROOT_CLASS = YES_ERROR;
				CLANG_WARN_QUOTED_INCLUDE_IN_FRAMEWORK_HEADER = YES;
				CLANG_WARN_RANGE_LOOP_ANALYSIS = YES;
				CLANG_WARN_STRICT_PROTOTYPES = YES;
				CLANG_WARN_SUSPICIOUS_MOVE = YES;
				CLANG_WARN_UNGUARDED_AVAILABILITY = YES_AGGRESSIVE;
				CLANG_WARN_UNREACHABLE_CODE = YES;
				CLANG_WARN__DUPLICATE_METHOD_MATCH = YES;
				COPY_PHASE_STRIP = NO;
				DEBUG_INFORMATION_FORMAT = dwarf;
				ENABLE_STRICT_OBJC_MSGSEND = YES;
				ENABLE_TESTABILITY = YES;
				ENABLE_USER_SCRIPT_SANDBOXING = YES;
				GCC_C_LANGUAGE_STANDARD = gnu17;
				GCC_DYNAMIC_NO_PIC = NO;
				GCC_NO_COMMON_BLOCKS = YES;
				GCC_OPTIMIZATION_LEVEL = 0;
				GCC_PREPROCESSOR_DEFINITIONS = (
					"DEBUG=1",
					"$(inherited)",
				);
				GCC_WARN_64_TO_32_BIT_CONVERSION = YES;
				GCC_WARN_ABOUT_RETURN_TYPE = YES_ERROR;
				GCC_WARN_UNDECLARED_SELECTOR = YES;
				GCC_WARN_UNINITIALIZED_AUTOS = YES_AGGRESSIVE;
				GCC_WARN_UNUSED_FUNCTION = YES;
				GCC_WARN_UNUSED_VARIABLE = YES;
				LOCALIZATION_PREFERS_STRING_CATALOGS = YES;
				MTL_ENABLE_DEBUG_INFO = INCLUDE_SOURCE;
				MTL_FAST_MATH = YES;
				ONLY_ACTIVE_ARCH = YES;
				SWIFT_ACTIVE_COMPILATION_CONDITIONS = "DEBUG $(inherited)";
				SWIFT_OPTIMIZATION_LEVEL = "-Onone";
			};
			name = Debug;
		};
		CEB496E62C1EB2F900ADB6A9 /* Release */ = {
			isa = XCBuildConfiguration;
			buildSettings = {
				ALWAYS_SEARCH_USER_PATHS = NO;
				ASSETCATALOG_COMPILER_GENERATE_SWIFT_ASSET_SYMBOL_EXTENSIONS = YES;
				CLANG_ANALYZER_NONNULL = YES;
				CLANG_ANALYZER_NUMBER_OBJECT_CONVERSION = YES_AGGRESSIVE;
				CLANG_CXX_LANGUAGE_STANDARD = "gnu++20";
				CLANG_ENABLE_MODULES = YES;
				CLANG_ENABLE_OBJC_ARC = YES;
				CLANG_ENABLE_OBJC_WEAK = YES;
				CLANG_WARN_BLOCK_CAPTURE_AUTORELEASING = YES;
				CLANG_WARN_BOOL_CONVERSION = YES;
				CLANG_WARN_COMMA = YES;
				CLANG_WARN_CONSTANT_CONVERSION = YES;
				CLANG_WARN_DEPRECATED_OBJC_IMPLEMENTATIONS = YES;
				CLANG_WARN_DIRECT_OBJC_ISA_USAGE = YES_ERROR;
				CLANG_WARN_DOCUMENTATION_COMMENTS = YES;
				CLANG_WARN_EMPTY_BODY = YES;
				CLANG_WARN_ENUM_CONVERSION = YES;
				CLANG_WARN_INFINITE_RECURSION = YES;
				CLANG_WARN_INT_CONVERSION = YES;
				CLANG_WARN_NON_LITERAL_NULL_CONVERSION = YES;
				CLANG_WARN_OBJC_IMPLICIT_RETAIN_SELF = YES;
				CLANG_WARN_OBJC_LITERAL_CONVERSION = YES;
				CLANG_WARN_OBJC_ROOT_CLASS = YES_ERROR;
				CLANG_WARN_QUOTED_INCLUDE_IN_FRAMEWORK_HEADER = YES;
				CLANG_WARN_RANGE_LOOP_ANALYSIS = YES;
				CLANG_WARN_STRICT_PROTOTYPES = YES;
				CLANG_WARN_SUSPICIOUS_MOVE = YES;
				CLANG_WARN_UNGUARDED_AVAILABILITY = YES_AGGRESSIVE;
				CLANG_WARN_UNREACHABLE_CODE = YES;
				CLANG_WARN__DUPLICATE_METHOD_MATCH = YES;
				COPY_PHASE_STRIP = NO;
				DEBUG_INFORMATION_FORMAT = "dwarf-with-dsym";
				ENABLE_NS_ASSERTIONS = NO;
				ENABLE_STRICT_OBJC_MSGSEND = YES;
				ENABLE_USER_SCRIPT_SANDBOXING = YES;
				GCC_C_LANGUAGE_STANDARD = gnu17;
				GCC_NO_COMMON_BLOCKS = YES;
				GCC_WARN_64_TO_32_BIT_CONVERSION = YES;
				GCC_WARN_ABOUT_RETURN_TYPE = YES_ERROR;
				GCC_WARN_UNDECLARED_SELECTOR = YES;
				GCC_WARN_UNINITIALIZED_AUTOS = YES_AGGRESSIVE;
				GCC_WARN_UNUSED_FUNCTION = YES;
				GCC_WARN_UNUSED_VARIABLE = YES;
				LOCALIZATION_PREFERS_STRING_CATALOGS = YES;
				MTL_ENABLE_DEBUG_INFO = NO;
				MTL_FAST_MATH = YES;
				SWIFT_COMPILATION_MODE = wholemodule;
			};
			name = Release;
		};
		CEB496E82C1EB2F900ADB6A9 /* Debug */ = {
			isa = XCBuildConfiguration;
			buildSettings = {
				ASSETCATALOG_COMPILER_APPICON_NAME = AppIcon;
				ASSETCATALOG_COMPILER_GLOBAL_ACCENT_COLOR_NAME = AccentColor;
				CODE_SIGN_ENTITLEMENTS = "";
				CODE_SIGN_STYLE = Automatic;
				CURRENT_PROJECT_VERSION = 1;
				DEVELOPMENT_ASSET_PATHS = "\"Deliverfly/Preview Content\"";
				ENABLE_PREVIEWS = YES;
				GENERATE_INFOPLIST_FILE = YES;
				"INFOPLIST_KEY_UIApplicationSceneManifest_Generation[sdk=iphoneos*]" = YES;
				"INFOPLIST_KEY_UIApplicationSceneManifest_Generation[sdk=iphonesimulator*]" = YES;
				"INFOPLIST_KEY_UIApplicationSupportsIndirectInputEvents[sdk=iphoneos*]" = YES;
				"INFOPLIST_KEY_UIApplicationSupportsIndirectInputEvents[sdk=iphonesimulator*]" = YES;
				"INFOPLIST_KEY_UILaunchScreen_Generation[sdk=iphoneos*]" = YES;
				"INFOPLIST_KEY_UILaunchScreen_Generation[sdk=iphonesimulator*]" = YES;
				"INFOPLIST_KEY_UIStatusBarStyle[sdk=iphoneos*]" = UIStatusBarStyleDefault;
				"INFOPLIST_KEY_UIStatusBarStyle[sdk=iphonesimulator*]" = UIStatusBarStyleDefault;
				INFOPLIST_KEY_UISupportedInterfaceOrientations_iPad = "UIInterfaceOrientationPortrait UIInterfaceOrientationPortraitUpsideDown UIInterfaceOrientationLandscapeLeft UIInterfaceOrientationLandscapeRight";
				INFOPLIST_KEY_UISupportedInterfaceOrientations_iPhone = "UIInterfaceOrientationPortrait UIInterfaceOrientationLandscapeLeft UIInterfaceOrientationLandscapeRight";
				IPHONEOS_DEPLOYMENT_TARGET = 17.4;
				LD_RUNPATH_SEARCH_PATHS = "@executable_path/Frameworks";
				"LD_RUNPATH_SEARCH_PATHS[sdk=macosx*]" = "@executable_path/../Frameworks";
				MACOSX_DEPLOYMENT_TARGET = 14.4;
				MARKETING_VERSION = 1.0;
				PRODUCT_BUNDLE_IDENTIFIER = Larisakhachatryan.Deliverfly;
				PRODUCT_NAME = "$(TARGET_NAME)";
				SDKROOT = auto;
				SUPPORTED_PLATFORMS = "iphoneos iphonesimulator macosx";
				SWIFT_EMIT_LOC_STRINGS = YES;
				SWIFT_VERSION = 5.0;
				TARGETED_DEVICE_FAMILY = "1,2";
			};
			name = Debug;
		};
		CEB496E92C1EB2F900ADB6A9 /* Release */ = {
			isa = XCBuildConfiguration;
			buildSettings = {
				ASSETCATALOG_COMPILER_APPICON_NAME = AppIcon;
				ASSETCATALOG_COMPILER_GLOBAL_ACCENT_COLOR_NAME = AccentColor;
				CODE_SIGN_ENTITLEMENTS = "";
				CODE_SIGN_STYLE = Automatic;
				CURRENT_PROJECT_VERSION = 1;
				DEVELOPMENT_ASSET_PATHS = "\"Deliverfly/Preview Content\"";
				ENABLE_PREVIEWS = YES;
				GENERATE_INFOPLIST_FILE = YES;
				"INFOPLIST_KEY_UIApplicationSceneManifest_Generation[sdk=iphoneos*]" = YES;
				"INFOPLIST_KEY_UIApplicationSceneManifest_Generation[sdk=iphonesimulator*]" = YES;
				"INFOPLIST_KEY_UIApplicationSupportsIndirectInputEvents[sdk=iphoneos*]" = YES;
				"INFOPLIST_KEY_UIApplicationSupportsIndirectInputEvents[sdk=iphonesimulator*]" = YES;
				"INFOPLIST_KEY_UILaunchScreen_Generation[sdk=iphoneos*]" = YES;
				"INFOPLIST_KEY_UILaunchScreen_Generation[sdk=iphonesimulator*]" = YES;
				"INFOPLIST_KEY_UIStatusBarStyle[sdk=iphoneos*]" = UIStatusBarStyleDefault;
				"INFOPLIST_KEY_UIStatusBarStyle[sdk=iphonesimulator*]" = UIStatusBarStyleDefault;
				INFOPLIST_KEY_UISupportedInterfaceOrientations_iPad = "UIInterfaceOrientationPortrait UIInterfaceOrientationPortraitUpsideDown UIInterfaceOrientationLandscapeLeft UIInterfaceOrientationLandscapeRight";
				INFOPLIST_KEY_UISupportedInterfaceOrientations_iPhone = "UIInterfaceOrientationPortrait UIInterfaceOrientationLandscapeLeft UIInterfaceOrientationLandscapeRight";
				IPHONEOS_DEPLOYMENT_TARGET = 17.4;
				LD_RUNPATH_SEARCH_PATHS = "@executable_path/Frameworks";
				"LD_RUNPATH_SEARCH_PATHS[sdk=macosx*]" = "@executable_path/../Frameworks";
				MACOSX_DEPLOYMENT_TARGET = 14.4;
				MARKETING_VERSION = 1.0;
				PRODUCT_BUNDLE_IDENTIFIER = Larisakhachatryan.Deliverfly;
				PRODUCT_NAME = "$(TARGET_NAME)";
				SDKROOT = auto;
				SUPPORTED_PLATFORMS = "iphoneos iphonesimulator macosx";
				SWIFT_EMIT_LOC_STRINGS = YES;
				SWIFT_VERSION = 5.0;
				TARGETED_DEVICE_FAMILY = "1,2";
			};
			name = Release;
		};
/* End XCBuildConfiguration section */

/* Begin XCConfigurationList section */
		CEB496D32C1EB2F800ADB6A9 /* Build configuration list for PBXProject "Deliverfly" */ = {
			isa = XCConfigurationList;
			buildConfigurations = (
				CEB496E52C1EB2F900ADB6A9 /* Debug */,
				CEB496E62C1EB2F900ADB6A9 /* Release */,
			);
			defaultConfigurationIsVisible = 0;
			defaultConfigurationName = Release;
		};
		CEB496E72C1EB2F900ADB6A9 /* Build configuration list for PBXNativeTarget "Deliverfly" */ = {
			isa = XCConfigurationList;
			buildConfigurations = (
				CEB496E82C1EB2F900ADB6A9 /* Debug */,
				CEB496E92C1EB2F900ADB6A9 /* Release */,
			);
			defaultConfigurationIsVisible = 0;
			defaultConfigurationName = Release;
		};
/* End XCConfigurationList section */
	};
	rootObject = CEB496D02C1EB2F800ADB6A9 /* Project object */;
}
